{
  "name": "adm-zip-test",
  "version": "1.0.0",
  "lockfileVersion": 1,
  "requires": true,
  "dependencies": {
    "adm-zip": {
      "version": "0.5.2",
      "resolved": "https://registry.npmjs.org/adm-zip/-/adm-zip-0.5.2.tgz",
      "integrity": "sha512-lUI3ZSNsfQXNYNzGjt68MdxzCs0eW29lgL74y/Y2h4nARgHmH3poFWuK3LonvFbNHFt4dTb2X/QQ4c1ZUWWsJw=="
    }
  }
}
